{
  "name": "QuicText",
  "version": "1.0.0",
  "lockfileVersion": 3,
  "requires": true,
  "packages": {
    "": {
      "name": "QuicText",
      "version": "1.0.0",
      "license": "MIT",
      "dependencies": {
        "dodopayments": "^2.6.0"
      },
      "devDependencies": {
        "@figma/plugin-typings": "^1.119.0",
        "typescript": "^5.8.3"
      }
    },
    "node_modules/@figma/plugin-typings": {
      "version": "1.119.0",
      "resolved": "https://registry.npmjs.org/@figma/plugin-typings/-/plugin-typings-1.119.0.tgz",
      "integrity": "sha512-DxNa0LwOBublet2iXa30Bt8zUmHXDnLrSiJOSHfL8KjyxpZv15GHgV5TIenvGI84QbQTKmXwOMAwmX/QDeDNWw==",
      "dev": true,
      "license": "MIT License"
    },
    "node_modules/@stablelib/base64": {
      "version": "1.0.1",
      "resolved": "https://registry.npmjs.org/@stablelib/base64/-/base64-1.0.1.tgz",
      "integrity": "sha512-1bnPQqSxSuc3Ii6MhBysoWCg58j97aUjuCSZrGSmDxNqtytIi0k8utUenAwTZN4V5mXXYGsVUI9zeBqy+jBOSQ==",
      "license": "MIT"
    },
    "node_modules/dodopayments": {
      "version": "2.6.0",
      "resolved": "https://registry.npmjs.org/dodopayments/-/dodopayments-2.6.0.tgz",
      "integrity": "sha512-elHJIT4slAdtWRPTp23nRfExny0GoYpFQhmbnXJxF3Yl5QNsqc2A47Q9wYlZZ3dEPaDxy5UMYRyvWr6OnDQI2Q==",
      "license": "Apache-2.0",
      "dependencies": {
        "standardwebhooks": "^1.0.0"
      },
      "bin": {
        "dodopayments": "bin/cli"
      }
    },
    "node_modules/fast-sha256": {
      "version": "1.3.0",
      "resolved": "https://registry.npmjs.org/fast-sha256/-/fast-sha256-1.3.0.tgz",
      "integrity": "sha512-n11RGP/lrWEFI/bWdygLxhI+pVeo1ZYIVwvvPkW7azl/rOy+F3HYRZ2K5zeE9mmkhQppyv9sQFx0JM9UabnpPQ==",
      "license": "Unlicense"
    },
    "node_modules/standardwebhooks": {
      "version": "1.0.0",
      "resolved": "https://registry.npmjs.org/standardwebhooks/-/standardwebhooks-1.0.0.tgz",
      "integrity": "sha512-BbHGOQK9olHPMvQNHWul6MYlrRTAOKn03rOe4A8O3CLWhNf4YHBqq2HJKKC+sfqpxiBY52pNeesD6jIiLDz8jg==",
      "license": "MIT",
      "dependencies": {
        "@stablelib/base64": "^1.0.0",
        "fast-sha256": "^1.3.0"
      }
    },
    "node_modules/typescript": {
      "version": "5.8.3",
      "resolved": "https://registry.npmjs.org/typescript/-/typescript-5.8.3.tgz",
      "integrity": "sha512-p1diW6TqL9L07nNxvRMM7hMMw4c5XOo/1ibL4aAIGmSAt9slTE1Xgw5KWuof2uTOvCg9BY7ZRi+GaF+7sfgPeQ==",
      "dev": true,
      "bin": {
        "tsc": "bin/tsc",
        "tsserver": "bin/tsserver"
      },
      "engines": {
        "node": ">=14.17"
      }
    }
  }
}
